// !$*UTF8*$!
{
	archiveVersion = 1;
	classes = {
	};
	objectVersion = 55;
	objects = {

/* Begin PBXBuildFile section */
		BD034B4D284DDD5900598932 /* SimulatedRouteLocationManager.swift in Sources */ = {isa = PBXBuildFile; fileRef = BD034B4C284DDD5900598932 /* SimulatedRouteLocationManager.swift */; };
		BD474BD6283761F700AC9BD9 /* AppDelegate.swift in Sources */ = {isa = PBXBuildFile; fileRef = BD474BD5283761F700AC9BD9 /* AppDelegate.swift */; };
		BD474BD8283761F700AC9BD9 /* SceneDelegate.swift in Sources */ = {isa = PBXBuildFile; fileRef = BD474BD7283761F700AC9BD9 /* SceneDelegate.swift */; };
		BD474BDA283761F700AC9BD9 /* ViewController.swift in Sources */ = {isa = PBXBuildFile; fileRef = BD474BD9283761F700AC9BD9 /* ViewController.swift */; };
		BD474BDD283761F700AC9BD9 /* Main.storyboard in Resources */ = {isa = PBXBuildFile; fileRef = BD474BDB283761F700AC9BD9 /* Main.storyboard */; };
		BD474BDF283761F800AC9BD9 /* Assets.xcassets in Resources */ = {isa = PBXBuildFile; fileRef = BD474BDE283761F800AC9BD9 /* Assets.xcassets */; };
		BD474BE2283761F800AC9BD9 /* LaunchScreen.storyboard in Resources */ = {isa = PBXBuildFile; fileRef = BD474BE0283761F800AC9BD9 /* LaunchScreen.storyboard */; };
		BD474BED283761F900AC9BD9 /* SimpleNavigationViewTests.swift in Sources */ = {isa = PBXBuildFile; fileRef = BD474BEC283761F900AC9BD9 /* SimpleNavigationViewTests.swift */; };
		BD474BF7283761F900AC9BD9 /* SimpleNavigationViewUITests.swift in Sources */ = {isa = PBXBuildFile; fileRef = BD474BF6283761F900AC9BD9 /* SimpleNavigationViewUITests.swift */; };
		BD474BF9283761F900AC9BD9 /* SimpleNavigationViewUITestsLaunchTests.swift in Sources */ = {isa = PBXBuildFile; fileRef = BD474BF8283761F900AC9BD9 /* SimpleNavigationViewUITestsLaunchTests.swift */; };
		BD474C072837631000AC9BD9 /* MapboxNavigation in Frameworks */ = {isa = PBXBuildFile; productRef = BD474C062837631000AC9BD9 /* MapboxNavigation */; };
/* End PBXBuildFile section */

/* Begin PBXContainerItemProxy section */
		BD474BE9283761F900AC9BD9 /* PBXContainerItemProxy */ = {
			isa = PBXContainerItemProxy;
			containerPortal = BD474BCA283761F700AC9BD9 /* Project object */;
			proxyType = 1;
			remoteGlobalIDString = BD474BD1283761F700AC9BD9;
			remoteInfo = SimpleNavigationView;
		};
		BD474BF3283761F900AC9BD9 /* PBXContainerItemProxy */ = {
			isa = PBXContainerItemProxy;
			containerPortal = BD474BCA283761F700AC9BD9 /* Project object */;
			proxyType = 1;
			remoteGlobalIDString = BD474BD1283761F700AC9BD9;
			remoteInfo = SimpleNavigationView;
		};
/* End PBXContainerItemProxy section */

/* Begin PBXFileReference section */
		BD034B4C284DDD5900598932 /* SimulatedRouteLocationManager.swift */ = {isa = PBXFileReference; lastKnownFileType = sourcecode.swift; path = SimulatedRouteLocationManager.swift; sourceTree = "<group>"; };
		BD474BD2283761F700AC9BD9 /* SimpleNavigationView.app */ = {isa = PBXFileReference; explicitFileType = wrapper.application; includeInIndex = 0; path = SimpleNavigationView.app; sourceTree = BUILT_PRODUCTS_DIR; };
		BD474BD5283761F700AC9BD9 /* AppDelegate.swift */ = {isa = PBXFileReference; lastKnownFileType = sourcecode.swift; path = AppDelegate.swift; sourceTree = "<group>"; };
		BD474BD7283761F700AC9BD9 /* SceneDelegate.swift */ = {isa = PBXFileReference; lastKnownFileType = sourcecode.swift; path = SceneDelegate.swift; sourceTree = "<group>"; };
		BD474BD9283761F700AC9BD9 /* ViewController.swift */ = {isa = PBXFileReference; lastKnownFileType = sourcecode.swift; path = ViewController.swift; sourceTree = "<group>"; };
		BD474BDC283761F700AC9BD9 /* Base */ = {isa = PBXFileReference; lastKnownFileType = file.storyboard; name = Base; path = Base.lproj/Main.storyboard; sourceTree = "<group>"; };
		BD474BDE283761F800AC9BD9 /* Assets.xcassets */ = {isa = PBXFileReference; lastKnownFileType = folder.assetcatalog; path = Assets.xcassets; sourceTree = "<group>"; };
		BD474BE1283761F800AC9BD9 /* Base */ = {isa = PBXFileReference; lastKnownFileType = file.storyboard; name = Base; path = Base.lproj/LaunchScreen.storyboard; sourceTree = "<group>"; };
		BD474BE3283761F800AC9BD9 /* Info.plist */ = {isa = PBXFileReference; lastKnownFileType = text.plist.xml; path = Info.plist; sourceTree = "<group>"; };
		BD474BE8283761F900AC9BD9 /* SimpleNavigationViewTests.xctest */ = {isa = PBXFileReference; explicitFileType = wrapper.cfbundle; includeInIndex = 0; path = SimpleNavigationViewTests.xctest; sourceTree = BUILT_PRODUCTS_DIR; };
		BD474BEC283761F900AC9BD9 /* SimpleNavigationViewTests.swift */ = {isa = PBXFileReference; lastKnownFileType = sourcecode.swift; path = SimpleNavigationViewTests.swift; sourceTree = "<group>"; };
		BD474BF2283761F900AC9BD9 /* SimpleNavigationViewUITests.xctest */ = {isa = PBXFileReference; explicitFileType = wrapper.cfbundle; includeInIndex = 0; path = SimpleNavigationViewUITests.xctest; sourceTree = BUILT_PRODUCTS_DIR; };
		BD474BF6283761F900AC9BD9 /* SimpleNavigationViewUITests.swift */ = {isa = PBXFileReference; lastKnownFileType = sourcecode.swift; path = SimpleNavigationViewUITests.swift; sourceTree = "<group>"; };
		BD474BF8283761F900AC9BD9 /* SimpleNavigationViewUITestsLaunchTests.swift */ = {isa = PBXFileReference; lastKnownFileType = sourcecode.swift; path = SimpleNavigationViewUITestsLaunchTests.swift; sourceTree = "<group>"; };
/* End PBXFileReference section */

/* Begin PBXFrameworksBuildPhase section */
		BD474BCF283761F700AC9BD9 /* Frameworks */ = {
			isa = PBXFrameworksBuildPhase;
			buildActionMask = 2147483647;
			files = (
				BD474C072837631000AC9BD9 /* MapboxNavigation in Frameworks */,
			);
			runOnlyForDeploymentPostprocessing = 0;
		};
		BD474BE5283761F900AC9BD9 /* Frameworks */ = {
			isa = PBXFrameworksBuildPhase;
			buildActionMask = 2147483647;
			files = (
			);
			runOnlyForDeploymentPostprocessing = 0;
		};
		BD474BEF283761F900AC9BD9 /* Frameworks */ = {
			isa = PBXFrameworksBuildPhase;
			buildActionMask = 2147483647;
			files = (
			);
			runOnlyForDeploymentPostprocessing = 0;
		};
/* End PBXFrameworksBuildPhase section */

/* Begin PBXGroup section */
		BD474BC9283761F700AC9BD9 = {
			isa = PBXGroup;
			children = (
				BD474BD4283761F700AC9BD9 /* SimpleNavigationView */,
				BD474BEB283761F900AC9BD9 /* SimpleNavigationViewTests */,
				BD474BF5283761F900AC9BD9 /* SimpleNavigationViewUITests */,
				BD474BD3283761F700AC9BD9 /* Products */,
			);
			sourceTree = "<group>";
		};
		BD474BD3283761F700AC9BD9 /* Products */ = {
			isa = PBXGroup;
			children = (
				BD474BD2283761F700AC9BD9 /* SimpleNavigationView.app */,
				BD474BE8283761F900AC9BD9 /* SimpleNavigationViewTests.xctest */,
				BD474BF2283761F900AC9BD9 /* SimpleNavigationViewUITests.xctest */,
			);
			name = Products;
			sourceTree = "<group>";
		};
		BD474BD4283761F700AC9BD9 /* SimpleNavigationView */ = {
			isa = PBXGroup;
			children = (
				BD474BD5283761F700AC9BD9 /* AppDelegate.swift */,
				BD474BDE283761F800AC9BD9 /* Assets.xcassets */,
				BD474BE3283761F800AC9BD9 /* Info.plist */,
				BD474BE0283761F800AC9BD9 /* LaunchScreen.storyboard */,
				BD474BDB283761F700AC9BD9 /* Main.storyboard */,
				BD474BD7283761F700AC9BD9 /* SceneDelegate.swift */,
				BD474BD9283761F700AC9BD9 /* ViewController.swift */,
				BD034B4C284DDD5900598932 /* SimulatedRouteLocationManager.swift */,
			);
			path = SimpleNavigationView;
			sourceTree = "<group>";
		};
		BD474BEB283761F900AC9BD9 /* SimpleNavigationViewTests */ = {
			isa = PBXGroup;
			children = (
				BD474BEC283761F900AC9BD9 /* SimpleNavigationViewTests.swift */,
			);
			path = SimpleNavigationViewTests;
			sourceTree = "<group>";
		};
		BD474BF5283761F900AC9BD9 /* SimpleNavigationViewUITests */ = {
			isa = PBXGroup;
			children = (
				BD474BF6283761F900AC9BD9 /* SimpleNavigationViewUITests.swift */,
				BD474BF8283761F900AC9BD9 /* SimpleNavigationViewUITestsLaunchTests.swift */,
			);
			path = SimpleNavigationViewUITests;
			sourceTree = "<group>";
		};
/* End PBXGroup section */

/* Begin PBXNativeTarget section */
		BD474BD1283761F700AC9BD9 /* SimpleNavigationView */ = {
			isa = PBXNativeTarget;
			buildConfigurationList = BD474BFC283761F900AC9BD9 /* Build configuration list for PBXNativeTarget "SimpleNavigationView" */;
			buildPhases = (
				BD474BCE283761F700AC9BD9 /* Sources */,
				BD474BCF283761F700AC9BD9 /* Frameworks */,
				BD474BD0283761F700AC9BD9 /* Resources */,
			);
			buildRules = (
			);
			dependencies = (
			);
			name = SimpleNavigationView;
			packageProductDependencies = (
				BD474C062837631000AC9BD9 /* MapboxNavigation */,
			);
			productName = SimpleNavigationView;
			productReference = BD474BD2283761F700AC9BD9 /* SimpleNavigationView.app */;
			productType = "com.apple.product-type.application";
		};
		BD474BE7283761F900AC9BD9 /* SimpleNavigationViewTests */ = {
			isa = PBXNativeTarget;
			buildConfigurationList = BD474BFF283761F900AC9BD9 /* Build configuration list for PBXNativeTarget "SimpleNavigationViewTests" */;
			buildPhases = (
				BD474BE4283761F900AC9BD9 /* Sources */,
				BD474BE5283761F900AC9BD9 /* Frameworks */,
				BD474BE6283761F900AC9BD9 /* Resources */,
			);
			buildRules = (
			);
			dependencies = (
				BD474BEA283761F900AC9BD9 /* PBXTargetDependency */,
			);
			name = SimpleNavigationViewTests;
			productName = SimpleNavigationViewTests;
			productReference = BD474BE8283761F900AC9BD9 /* SimpleNavigationViewTests.xctest */;
			productType = "com.apple.product-type.bundle.unit-test";
		};
		BD474BF1283761F900AC9BD9 /* SimpleNavigationViewUITests */ = {
			isa = PBXNativeTarget;
			buildConfigurationList = BD474C02283761F900AC9BD9 /* Build configuration list for PBXNativeTarget "SimpleNavigationViewUITests" */;
			buildPhases = (
				BD474BEE283761F900AC9BD9 /* Sources */,
				BD474BEF283761F900AC9BD9 /* Frameworks */,
				BD474BF0283761F900AC9BD9 /* Resources */,
			);
			buildRules = (
			);
			dependencies = (
				BD474BF4283761F900AC9BD9 /* PBXTargetDependency */,
			);
			name = SimpleNavigationViewUITests;
			productName = SimpleNavigationViewUITests;
			productReference = BD474BF2283761F900AC9BD9 /* SimpleNavigationViewUITests.xctest */;
			productType = "com.apple.product-type.bundle.ui-testing";
		};
/* End PBXNativeTarget section */

/* Begin PBXProject section */
		BD474BCA283761F700AC9BD9 /* Project object */ = {
			isa = PBXProject;
			attributes = {
				BuildIndependentTargetsInParallel = 1;
				LastSwiftUpdateCheck = 1330;
				LastUpgradeCheck = 1330;
				TargetAttributes = {
					BD474BD1283761F700AC9BD9 = {
						CreatedOnToolsVersion = 13.3.1;
					};
					BD474BE7283761F900AC9BD9 = {
						CreatedOnToolsVersion = 13.3.1;
						TestTargetID = BD474BD1283761F700AC9BD9;
					};
					BD474BF1283761F900AC9BD9 = {
						CreatedOnToolsVersion = 13.3.1;
						TestTargetID = BD474BD1283761F700AC9BD9;
					};
				};
			};
			buildConfigurationList = BD474BCD283761F700AC9BD9 /* Build configuration list for PBXProject "SimpleNavigationView" */;
			compatibilityVersion = "Xcode 13.0";
			developmentRegion = en;
			hasScannedForEncodings = 0;
			knownRegions = (
				en,
				Base,
			);
			mainGroup = BD474BC9283761F700AC9BD9;
			packageReferences = (
				BD474C052837631000AC9BD9 /* XCRemoteSwiftPackageReference "mapbox-navigation-ios" */,
			);
			productRefGroup = BD474BD3283761F700AC9BD9 /* Products */;
			projectDirPath = "";
			projectRoot = "";
			targets = (
				BD474BD1283761F700AC9BD9 /* SimpleNavigationView */,
				BD474BE7283761F900AC9BD9 /* SimpleNavigationViewTests */,
				BD474BF1283761F900AC9BD9 /* SimpleNavigationViewUITests */,
			);
		};
/* End PBXProject section */

/* Begin PBXResourcesBuildPhase section */
		BD474BD0283761F700AC9BD9 /* Resources */ = {
			isa = PBXResourcesBuildPhase;
			buildActionMask = 2147483647;
			files = (
				BD474BE2283761F800AC9BD9 /* LaunchScreen.storyboard in Resources */,
				BD474BDF283761F800AC9BD9 /* Assets.xcassets in Resources */,
				BD474BDD283761F700AC9BD9 /* Main.storyboard in Resources */,
			);
			runOnlyForDeploymentPostprocessing = 0;
		};
		BD474BE6283761F900AC9BD9 /* Resources */ = {
			isa = PBXResourcesBuildPhase;
			buildActionMask = 2147483647;
			files = (
			);
			runOnlyForDeploymentPostprocessing = 0;
		};
		BD474BF0283761F900AC9BD9 /* Resources */ = {
			isa = PBXResourcesBuildPhase;
			buildActionMask = 2147483647;
			files = (
			);
			runOnlyForDeploymentPostprocessing = 0;
		};
/* End PBXResourcesBuildPhase section */

/* Begin PBXSourcesBuildPhase section */
		BD474BCE283761F700AC9BD9 /* Sources */ = {
			isa = PBXSourcesBuildPhase;
			buildActionMask = 2147483647;
			files = (
				BD474BDA283761F700AC9BD9 /* ViewController.swift in Sources */,
				BD474BD6283761F700AC9BD9 /* AppDelegate.swift in Sources */,
				BD474BD8283761F700AC9BD9 /* SceneDelegate.swift in Sources */,
				BD034B4D284DDD5900598932 /* SimulatedRouteLocationManager.swift in Sources */,
			);
			runOnlyForDeploymentPostprocessing = 0;
		};
		BD474BE4283761F900AC9BD9 /* Sources */ = {
			isa = PBXSourcesBuildPhase;
			buildActionMask = 2147483647;
			files = (
				BD474BED283761F900AC9BD9 /* SimpleNavigationViewTests.swift in Sources */,
			);
			runOnlyForDeploymentPostprocessing = 0;
		};
		BD474BEE283761F900AC9BD9 /* Sources */ = {
			isa = PBXSourcesBuildPhase;
			buildActionMask = 2147483647;
			files = (
				BD474BF7283761F900AC9BD9 /* SimpleNavigationViewUITests.swift in Sources */,
				BD474BF9283761F900AC9BD9 /* SimpleNavigationViewUITestsLaunchTests.swift in Sources */,
			);
			runOnlyForDeploymentPostprocessing = 0;
		};
/* End PBXSourcesBuildPhase section */

/* Begin PBXTargetDependency section */
		BD474BEA283761F900AC9BD9 /* PBXTargetDependency */ = {
			isa = PBXTargetDependency;
			target = BD474BD1283761F700AC9BD9 /* SimpleNavigationView */;
			targetProxy = BD474BE9283761F900AC9BD9 /* PBXContainerItemProxy */;
		};
		BD474BF4283761F900AC9BD9 /* PBXTargetDependency */ = {
			isa = PBXTargetDependency;
			target = BD474BD1283761F700AC9BD9 /* SimpleNavigationView */;
			targetProxy = BD474BF3283761F900AC9BD9 /* PBXContainerItemProxy */;
		};
/* End PBXTargetDependency section */

/* Begin PBXVariantGroup section */
		BD474BDB283761F700AC9BD9 /* Main.storyboard */ = {
			isa = PBXVariantGroup;
			children = (
				BD474BDC283761F700AC9BD9 /* Base */,
			);
			name = Main.storyboard;
			sourceTree = "<group>";
		};
		BD474BE0283761F800AC9BD9 /* LaunchScreen.storyboard */ = {
			isa = PBXVariantGroup;
			children = (
				BD474BE1283761F800AC9BD9 /* Base */,
			);
			name = LaunchScreen.storyboard;
			sourceTree = "<group>";
		};
/* End PBXVariantGroup section */

/* Begin XCBuildConfiguration section */
		BD474BFA283761F900AC9BD9 /* Debug */ = {
			isa = XCBuildConfiguration;
			buildSettings = {
				ALWAYS_SEARCH_USER_PATHS = NO;
				CLANG_ANALYZER_NONNULL = YES;
				CLANG_ANALYZER_NUMBER_OBJECT_CONVERSION = YES_AGGRESSIVE;
				CLANG_CXX_LANGUAGE_STANDARD = "gnu++17";
				CLANG_ENABLE_MODULES = YES;
				CLANG_ENABLE_OBJC_ARC = YES;
				CLANG_ENABLE_OBJC_WEAK = YES;
				CLANG_WARN_BLOCK_CAPTURE_AUTORELEASING = YES;
				CLANG_WARN_BOOL_CONVERSION = YES;
				CLANG_WARN_COMMA = YES;
				CLANG_WARN_CONSTANT_CONVERSION = YES;
				CLANG_WARN_DEPRECATED_OBJC_IMPLEMENTATIONS = YES;
				CLANG_WARN_DIRECT_OBJC_ISA_USAGE = YES_ERROR;
				CLANG_WARN_DOCUMENTATION_COMMENTS = YES;
				CLANG_WARN_EMPTY_BODY = YES;
				CLANG_WARN_ENUM_CONVERSION = YES;
				CLANG_WARN_INFINITE_RECURSION = YES;
				CLANG_WARN_INT_CONVERSION = YES;
				CLANG_WARN_NON_LITERAL_NULL_CONVERSION = YES;
				CLANG_WARN_OBJC_IMPLICIT_RETAIN_SELF = YES;
				CLANG_WARN_OBJC_LITERAL_CONVERSION = YES;
				CLANG_WARN_OBJC_ROOT_CLASS = YES_ERROR;
				CLANG_WARN_QUOTED_INCLUDE_IN_FRAMEWORK_HEADER = YES;
				CLANG_WARN_RANGE_LOOP_ANALYSIS = YES;
				CLANG_WARN_STRICT_PROTOTYPES = YES;
				CLANG_WARN_SUSPICIOUS_MOVE = YES;
				CLANG_WARN_UNGUARDED_AVAILABILITY = YES_AGGRESSIVE;
				CLANG_WARN_UNREACHABLE_CODE = YES;
				CLANG_WARN__DUPLICATE_METHOD_MATCH = YES;
				COPY_PHASE_STRIP = NO;
				DEBUG_INFORMATION_FORMAT = dwarf;
				ENABLE_STRICT_OBJC_MSGSEND = YES;
				ENABLE_TESTABILITY = YES;
				GCC_C_LANGUAGE_STANDARD = gnu11;
				GCC_DYNAMIC_NO_PIC = NO;
				GCC_NO_COMMON_BLOCKS = YES;
				GCC_OPTIMIZATION_LEVEL = 0;
				GCC_PREPROCESSOR_DEFINITIONS = (
					"DEBUG=1",
					"$(inherited)",
				);
				GCC_WARN_64_TO_32_BIT_CONVERSION = YES;
				GCC_WARN_ABOUT_RETURN_TYPE = YES_ERROR;
				GCC_WARN_UNDECLARED_SELECTOR = YES;
				GCC_WARN_UNINITIALIZED_AUTOS = YES_AGGRESSIVE;
				GCC_WARN_UNUSED_FUNCTION = YES;
				GCC_WARN_UNUSED_VARIABLE = YES;
				IPHONEOS_DEPLOYMENT_TARGET = 15.4;
				MTL_ENABLE_DEBUG_INFO = INCLUDE_SOURCE;
				MTL_FAST_MATH = YES;
				ONLY_ACTIVE_ARCH = YES;
				SDKROOT = iphoneos;
				SWIFT_ACTIVE_COMPILATION_CONDITIONS = DEBUG;
				SWIFT_OPTIMIZATION_LEVEL = "-Onone";
			};
			name = Debug;
		};
		BD474BFB283761F900AC9BD9 /* Release */ = {
			isa = XCBuildConfiguration;
			buildSettings = {
				ALWAYS_SEARCH_USER_PATHS = NO;
				CLANG_ANALYZER_NONNULL = YES;
				CLANG_ANALYZER_NUMBER_OBJECT_CONVERSION = YES_AGGRESSIVE;
				CLANG_CXX_LANGUAGE_STANDARD = "gnu++17";
				CLANG_ENABLE_MODULES = YES;
				CLANG_ENABLE_OBJC_ARC = YES;
				CLANG_ENABLE_OBJC_WEAK = YES;
				CLANG_WARN_BLOCK_CAPTURE_AUTORELEASING = YES;
				CLANG_WARN_BOOL_CONVERSION = YES;
				CLANG_WARN_COMMA = YES;
				CLANG_WARN_CONSTANT_CONVERSION = YES;
				CLANG_WARN_DEPRECATED_OBJC_IMPLEMENTATIONS = YES;
				CLANG_WARN_DIRECT_OBJC_ISA_USAGE = YES_ERROR;
				CLANG_WARN_DOCUMENTATION_COMMENTS = YES;
				CLANG_WARN_EMPTY_BODY = YES;
				CLANG_WARN_ENUM_CONVERSION = YES;
				CLANG_WARN_INFINITE_RECURSION = YES;
				CLANG_WARN_INT_CONVERSION = YES;
				CLANG_WARN_NON_LITERAL_NULL_CONVERSION = YES;
				CLANG_WARN_OBJC_IMPLICIT_RETAIN_SELF = YES;
				CLANG_WARN_OBJC_LITERAL_CONVERSION = YES;
				CLANG_WARN_OBJC_ROOT_CLASS = YES_ERROR;
				CLANG_WARN_QUOTED_INCLUDE_IN_FRAMEWORK_HEADER = YES;
				CLANG_WARN_RANGE_LOOP_ANALYSIS = YES;
				CLANG_WARN_STRICT_PROTOTYPES = YES;
				CLANG_WARN_SUSPICIOUS_MOVE = YES;
				CLANG_WARN_UNGUARDED_AVAILABILITY = YES_AGGRESSIVE;
				CLANG_WARN_UNREACHABLE_CODE = YES;
				CLANG_WARN__DUPLICATE_METHOD_MATCH = YES;
				COPY_PHASE_STRIP = NO;
				DEBUG_INFORMATION_FORMAT = "dwarf-with-dsym";
				ENABLE_NS_ASSERTIONS = NO;
				ENABLE_STRICT_OBJC_MSGSEND = YES;
				GCC_C_LANGUAGE_STANDARD = gnu11;
				GCC_NO_COMMON_BLOCKS = YES;
				GCC_WARN_64_TO_32_BIT_CONVERSION = YES;
				GCC_WARN_ABOUT_RETURN_TYPE = YES_ERROR;
				GCC_WARN_UNDECLARED_SELECTOR = YES;
				GCC_WARN_UNINITIALIZED_AUTOS = YES_AGGRESSIVE;
				GCC_WARN_UNUSED_FUNCTION = YES;
				GCC_WARN_UNUSED_VARIABLE = YES;
				IPHONEOS_DEPLOYMENT_TARGET = 15.4;
				MTL_ENABLE_DEBUG_INFO = NO;
				MTL_FAST_MATH = YES;
				SDKROOT = iphoneos;
				SWIFT_COMPILATION_MODE = wholemodule;
				SWIFT_OPTIMIZATION_LEVEL = "-O";
				VALIDATE_PRODUCT = YES;
			};
			name = Release;
		};
		BD474BFD283761F900AC9BD9 /* Debug */ = {
			isa = XCBuildConfiguration;
			buildSettings = {
				ASSETCATALOG_COMPILER_APPICON_NAME = AppIcon;
				ASSETCATALOG_COMPILER_GLOBAL_ACCENT_COLOR_NAME = AccentColor;
				CODE_SIGN_STYLE = Automatic;
				CURRENT_PROJECT_VERSION = 1;
				DEVELOPMENT_TEAM = P8MY5NMT9K;
				GENERATE_INFOPLIST_FILE = YES;
				INFOPLIST_FILE = SimpleNavigationView/Info.plist;
				INFOPLIST_KEY_NSLocationWhenInUseUsageDescription = "Your location is used to improve the map experience.";
				INFOPLIST_KEY_UIApplicationSupportsIndirectInputEvents = YES;
				INFOPLIST_KEY_UILaunchStoryboardName = LaunchScreen;
				INFOPLIST_KEY_UIMainStoryboardFile = Main;
				INFOPLIST_KEY_UISupportedInterfaceOrientations_iPad = "UIInterfaceOrientationPortrait UIInterfaceOrientationPortraitUpsideDown UIInterfaceOrientationLandscapeLeft UIInterfaceOrientationLandscapeRight";
				INFOPLIST_KEY_UISupportedInterfaceOrientations_iPhone = "UIInterfaceOrientationPortrait UIInterfaceOrientationLandscapeLeft UIInterfaceOrientationLandscapeRight";
				LD_RUNPATH_SEARCH_PATHS = (
					"$(inherited)",
					"@executable_path/Frameworks",
				);
				MARKETING_VERSION = 1.0;
				PRODUCT_BUNDLE_IDENTIFIER = com.mapbox.akiramurao.examples.SimpleNavigationView;
				PRODUCT_NAME = "$(TARGET_NAME)";
				SWIFT_EMIT_LOC_STRINGS = YES;
				SWIFT_VERSION = 5.0;
				TARGETED_DEVICE_FAMILY = "1,2";
			};
			name = Debug;
		};
		BD474BFE283761F900AC9BD9 /* Release */ = {
			isa = XCBuildConfiguration;
			buildSettings = {
				ASSETCATALOG_COMPILER_APPICON_NAME = AppIcon;
				ASSETCATALOG_COMPILER_GLOBAL_ACCENT_COLOR_NAME = AccentColor;
				CODE_SIGN_STYLE = Automatic;
				CURRENT_PROJECT_VERSION = 1;
				DEVELOPMENT_TEAM = P8MY5NMT9K;
				GENERATE_INFOPLIST_FILE = YES;
				INFOPLIST_FILE = SimpleNavigationView/Info.plist;
				INFOPLIST_KEY_NSLocationWhenInUseUsageDescription = "Your location is used to improve the map experience.";
				INFOPLIST_KEY_UIApplicationSupportsIndirectInputEvents = YES;
				INFOPLIST_KEY_UILaunchStoryboardName = LaunchScreen;
				INFOPLIST_KEY_UIMainStoryboardFile = Main;
				INFOPLIST_KEY_UISupportedInterfaceOrientations_iPad = "UIInterfaceOrientationPortrait UIInterfaceOrientationPortraitUpsideDown UIInterfaceOrientationLandscapeLeft UIInterfaceOrientationLandscapeRight";
				INFOPLIST_KEY_UISupportedInterfaceOrientations_iPhone = "UIInterfaceOrientationPortrait UIInterfaceOrientationLandscapeLeft UIInterfaceOrientationLandscapeRight";
				LD_RUNPATH_SEARCH_PATHS = (
					"$(inherited)",
					"@executable_path/Frameworks",
				);
				MARKETING_VERSION = 1.0;
				PRODUCT_BUNDLE_IDENTIFIER = com.mapbox.akiramurao.examples.SimpleNavigationView;
				PRODUCT_NAME = "$(TARGET_NAME)";
				SWIFT_EMIT_LOC_STRINGS = YES;
				SWIFT_VERSION = 5.0;
				TARGETED_DEVICE_FAMILY = "1,2";
			};
			name = Release;
		};
		BD474C00283761F900AC9BD9 /* Debug */ = {
			isa = XCBuildConfiguration;
			buildSettings = {
				ALWAYS_EMBED_SWIFT_STANDARD_LIBRARIES = YES;
				BUNDLE_LOADER = "$(TEST_HOST)";
				CODE_SIGN_STYLE = Automatic;
				CURRENT_PROJECT_VERSION = 1;
				GENERATE_INFOPLIST_FILE = YES;
				IPHONEOS_DEPLOYMENT_TARGET = 15.4;
				MARKETING_VERSION = 1.0;
				PRODUCT_BUNDLE_IDENTIFIER = com.mapbox.akiramurao.examples.SimpleNavigationViewTests;
				PRODUCT_NAME = "$(TARGET_NAME)";
				SWIFT_EMIT_LOC_STRINGS = NO;
				SWIFT_VERSION = 5.0;
				TARGETED_DEVICE_FAMILY = "1,2";
				TEST_HOST = "$(BUILT_PRODUCTS_DIR)/SimpleNavigationView.app/SimpleNavigationView";
			};
			name = Debug;
		};
		BD474C01283761F900AC9BD9 /* Release */ = {
			isa = XCBuildConfiguration;
			buildSettings = {
				ALWAYS_EMBED_SWIFT_STANDARD_LIBRARIES = YES;
				BUNDLE_LOADER = "$(TEST_HOST)";
				CODE_SIGN_STYLE = Automatic;
				CURRENT_PROJECT_VERSION = 1;
				GENERATE_INFOPLIST_FILE = YES;
				IPHONEOS_DEPLOYMENT_TARGET = 15.4;
				MARKETING_VERSION = 1.0;
				PRODUCT_BUNDLE_IDENTIFIER = com.mapbox.akiramurao.examples.SimpleNavigationViewTests;
				PRODUCT_NAME = "$(TARGET_NAME)";
				SWIFT_EMIT_LOC_STRINGS = NO;
				SWIFT_VERSION = 5.0;
				TARGETED_DEVICE_FAMILY = "1,2";
				TEST_HOST = "$(BUILT_PRODUCTS_DIR)/SimpleNavigationView.app/SimpleNavigationView";
			};
			name = Release;
		};
		BD474C03283761F900AC9BD9 /* Debug */ = {
			isa = XCBuildConfiguration;
			buildSettings = {
				ALWAYS_EMBED_SWIFT_STANDARD_LIBRARIES = YES;
				CODE_SIGN_STYLE = Automatic;
				CURRENT_PROJECT_VERSION = 1;
				GENERATE_INFOPLIST_FILE = YES;
				MARKETING_VERSION = 1.0;
				PRODUCT_BUNDLE_IDENTIFIER = com.mapbox.akiramurao.examples.SimpleNavigationViewUITests;
				PRODUCT_NAME = "$(TARGET_NAME)";
				SWIFT_EMIT_LOC_STRINGS = NO;
				SWIFT_VERSION = 5.0;
				TARGETED_DEVICE_FAMILY = "1,2";
				TEST_TARGET_NAME = SimpleNavigationView;
			};
			name = Debug;
		};
		BD474C04283761F900AC9BD9 /* Release */ = {
			isa = XCBuildConfiguration;
			buildSettings = {
				ALWAYS_EMBED_SWIFT_STANDARD_LIBRARIES = YES;
				CODE_SIGN_STYLE = Automatic;
				CURRENT_PROJECT_VERSION = 1;
				GENERATE_INFOPLIST_FILE = YES;
				MARKETING_VERSION = 1.0;
				PRODUCT_BUNDLE_IDENTIFIER = com.mapbox.akiramurao.examples.SimpleNavigationViewUITests;
				PRODUCT_NAME = "$(TARGET_NAME)";
				SWIFT_EMIT_LOC_STRINGS = NO;
				SWIFT_VERSION = 5.0;
				TARGETED_DEVICE_FAMILY = "1,2";
				TEST_TARGET_NAME = SimpleNavigationView;
			};
			name = Release;
		};
/* End XCBuildConfiguration section */

/* Begin XCConfigurationList section */
		BD474BCD283761F700AC9BD9 /* Build configuration list for PBXProject "SimpleNavigationView" */ = {
			isa = XCConfigurationList;
			buildConfigurations = (
				BD474BFA283761F900AC9BD9 /* Debug */,
				BD474BFB283761F900AC9BD9 /* Release */,
			);
			defaultConfigurationIsVisible = 0;
			defaultConfigurationName = Release;
		};
		BD474BFC283761F900AC9BD9 /* Build configuration list for PBXNativeTarget "SimpleNavigationView" */ = {
			isa = XCConfigurationList;
			buildConfigurations = (
				BD474BFD283761F900AC9BD9 /* Debug */,
				BD474BFE283761F900AC9BD9 /* Release */,
			);
			defaultConfigurationIsVisible = 0;
			defaultConfigurationName = Release;
		};
		BD474BFF283761F900AC9BD9 /* Build configuration list for PBXNativeTarget "SimpleNavigationViewTests" */ = {
			isa = XCConfigurationList;
			buildConfigurations = (
				BD474C00283761F900AC9BD9 /* Debug */,
				BD474C01283761F900AC9BD9 /* Release */,
			);
			defaultConfigurationIsVisible = 0;
			defaultConfigurationName = Release;
		};
		BD474C02283761F900AC9BD9 /* Build configuration list for PBXNativeTarget "SimpleNavigationViewUITests" */ = {
			isa = XCConfigurationList;
			buildConfigurations = (
				BD474C03283761F900AC9BD9 /* Debug */,
				BD474C04283761F900AC9BD9 /* Release */,
			);
			defaultConfigurationIsVisible = 0;
			defaultConfigurationName = Release;
		};
/* End XCConfigurationList section */

/* Begin XCRemoteSwiftPackageReference section */
		BD474C052837631000AC9BD9 /* XCRemoteSwiftPackageReference "mapbox-navigation-ios" */ = {
			isa = XCRemoteSwiftPackageReference;
			repositoryURL = "https://github.com/mapbox/mapbox-navigation-ios.git";
			requirement = {
				kind = exactVersion;
				version = 2.4.1;
			};
		};
/* End XCRemoteSwiftPackageReference section */

/* Begin XCSwiftPackageProductDependency section */
		BD474C062837631000AC9BD9 /* MapboxNavigation */ = {
			isa = XCSwiftPackageProductDependency;
			package = BD474C052837631000AC9BD9 /* XCRemoteSwiftPackageReference "mapbox-navigation-ios" */;
			productName = MapboxNavigation;
		};
/* End XCSwiftPackageProductDependency section */
	};
	rootObject = BD474BCA283761F700AC9BD9 /* Project object */;
}
